
Microsoft Visual Studio Solution File, Format Version 12.00
# Visual Studio Version 17
VisualStudioVersion = 17.11.35312.102
MinimumVisualStudioVersion = 10.0.40219.1
Project("{9A19103F-16F7-4668-BE54-9A1E7A4F7556}") = "FishAssignment", "FishAssignment\FishAssignment.csproj", "{3AE66525-C409-444B-9699-8E4994A0B8A1}"
EndProject
Project("{FAE04EC0-301F-11D3-BF4B-00C04F79EFBC}") = "ThirdAssessment", "ThirdAssessment\ThirdAssessment.csproj", "{F029B5E1-D609-4C15-B784-AF5F78F47D03}"
EndProject
Project("{FAE04EC0-301F-11D3-BF4B-00C04F79EFBC}") = "SecondAssessment", "SecondAssessment\SecondAssessment.csproj", "{4C8BF3D1-5436-407F-A30C-5E0B381DAB79}"
EndProject
Global
	GlobalSection(SolutionConfigurationPlatforms) = preSolution
		Debug|Any CPU = Debug|Any CPU
		Release|Any CPU = Release|Any CPU
	EndGlobalSection
	GlobalSection(ProjectConfigurationPlatforms) = postSolution
		{3AE66525-C409-444B-9699-8E4994A0B8A1}.Debug|Any CPU.ActiveCfg = Debug|Any CPU
		{3AE66525-C409-444B-9699-8E4994A0B8A1}.Debug|Any CPU.Build.0 = Debug|Any CPU
		{3AE66525-C409-444B-9699-8E4994A0B8A1}.Release|Any CPU.ActiveCfg = Release|Any CPU
		{3AE66525-C409-444B-9699-8E4994A0B8A1}.Release|Any CPU.Build.0 = Release|Any CPU
		{F029B5E1-D609-4C15-B784-AF5F78F47D03}.Debug|Any CPU.ActiveCfg = Debug|Any CPU
		{F029B5E1-D609-4C15-B784-AF5F78F47D03}.Debug|Any CPU.Build.0 = Debug|Any CPU
		{F029B5E1-D609-4C15-B784-AF5F78F47D03}.Release|Any CPU.ActiveCfg = Release|Any CPU
		{F029B5E1-D609-4C15-B784-AF5F78F47D03}.Release|Any CPU.Build.0 = Release|Any CPU
		{4C8BF3D1-5436-407F-A30C-5E0B381DAB79}.Debug|Any CPU.ActiveCfg = Debug|Any CPU
		{4C8BF3D1-5436-407F-A30C-5E0B381DAB79}.Debug|Any CPU.Build.0 = Debug|Any CPU
		{4C8BF3D1-5436-407F-A30C-5E0B381DAB79}.Release|Any CPU.ActiveCfg = Release|Any CPU
		{4C8BF3D1-5436-407F-A30C-5E0B381DAB79}.Release|Any CPU.Build.0 = Release|Any CPU
	EndGlobalSection
	GlobalSection(SolutionProperties) = preSolution
		HideSolutionNode = FALSE
	EndGlobalSection
	GlobalSection(ExtensibilityGlobals) = postSolution
		SolutionGuid = {C49A8781-B7F4-4D9D-A160-0EBD77782457}
	EndGlobalSection
EndGlobal
